{
  "name": "TBSN",
  "lockfileVersion": 3,
  "requires": true,
  "packages": {
    "": {
      "dependencies": {
        "@toast-ui/editor-plugin-color-syntax": "^3.1.0",
        "@toast-ui/react-editor": "^3.2.3",
        "react": "^18.3.1",
        "react-daum-postcode": "^3.1.3"
      }
    },
    "node_modules/@toast-ui/editor": {
      "version": "3.2.2",
      "resolved": "https://registry.npmjs.org/@toast-ui/editor/-/editor-3.2.2.tgz",
      "integrity": "sha512-ASX7LFjN2ZYQJrwmkUajPs7DRr9FsM1+RQ82CfTO0Y5ZXorBk1VZS4C2Dpxinx9kl55V4F8/A2h2QF4QMDtRbA==",
      "dependencies": {
        "dompurify": "^2.3.3",
        "prosemirror-commands": "^1.1.9",
        "prosemirror-history": "^1.1.3",
        "prosemirror-inputrules": "^1.1.3",
        "prosemirror-keymap": "^1.1.4",
        "prosemirror-model": "^1.14.1",
        "prosemirror-state": "^1.3.4",
        "prosemirror-view": "^1.18.7"
      }
    },
    "node_modules/@toast-ui/editor-plugin-color-syntax": {
      "version": "3.1.0",
      "resolved": "https://registry.npmjs.org/@toast-ui/editor-plugin-color-syntax/-/editor-plugin-color-syntax-3.1.0.tgz",
      "integrity": "sha512-UVKfMBPV+3snSaJn9RUKGbxJbgi92D2t68ow8wAjGezvMp1ht4UVETrvomdTGr+RYhXSeH3JvSwN9nmQqw0qzA==",
      "dependencies": {
        "tui-color-picker": "^2.2.6"
      }
    },
    "node_modules/@toast-ui/react-editor": {
      "version": "3.2.3",
      "resolved": "https://registry.npmjs.org/@toast-ui/react-editor/-/react-editor-3.2.3.tgz",
      "integrity": "sha512-86QdgiOkBeSwRBEUWRKsTpnm6yu5j9HNJ3EfQN8EGcd7kI8k8AhExXyUJ3NNgNTzN7FfSKMw+1VaCDDC+aZ3dw==",
      "dependencies": {
        "@toast-ui/editor": "^3.2.2"
      },
      "peerDependencies": {
        "react": "^17.0.1"
      }
    },
    "node_modules/dompurify": {
      "version": "2.5.4",
      "resolved": "https://registry.npmjs.org/dompurify/-/dompurify-2.5.4.tgz",
      "integrity": "sha512-l5NNozANzaLPPe0XaAwvg3uZcHtDBnziX/HjsY1UcDj1MxTK8Dd0Kv096jyPK5HRzs/XM5IMj20dW8Fk+HnbUA=="
    },
    "node_modules/js-tokens": {
      "version": "4.0.0",
      "resolved": "https://registry.npmjs.org/js-tokens/-/js-tokens-4.0.0.tgz",
      "integrity": "sha512-RdJUflcE3cUzKiMqQgsCu06FPu9UdIJO0beYbPhHN4k6apgJtifcoCtT9bcxOpYBtpD2kCM6Sbzg4CausW/PKQ=="
    },
    "node_modules/loose-envify": {
      "version": "1.4.0",
      "resolved": "https://registry.npmjs.org/loose-envify/-/loose-envify-1.4.0.tgz",
      "integrity": "sha512-lyuxPGr/Wfhrlem2CL/UcnUc1zcqKAImBDzukY7Y5F/yQiNdko6+fRLevlw1HgMySw7f611UIY408EtxRSoK3Q==",
      "dependencies": {
        "js-tokens": "^3.0.0 || ^4.0.0"
      },
      "bin": {
        "loose-envify": "cli.js"
      }
    },
    "node_modules/orderedmap": {
      "version": "2.1.1",
      "resolved": "https://registry.npmjs.org/orderedmap/-/orderedmap-2.1.1.tgz",
      "integrity": "sha512-TvAWxi0nDe1j/rtMcWcIj94+Ffe6n7zhow33h40SKxmsmozs6dz/e+EajymfoFcHd7sxNn8yHM8839uixMOV6g=="
    },
    "node_modules/prosemirror-commands": {
      "version": "1.5.2",
      "resolved": "https://registry.npmjs.org/prosemirror-commands/-/prosemirror-commands-1.5.2.tgz",
      "integrity": "sha512-hgLcPaakxH8tu6YvVAaILV2tXYsW3rAdDR8WNkeKGcgeMVQg3/TMhPdVoh7iAmfgVjZGtcOSjKiQaoeKjzd2mQ==",
      "dependencies": {
        "prosemirror-model": "^1.0.0",
        "prosemirror-state": "^1.0.0",
        "prosemirror-transform": "^1.0.0"
      }
    },
    "node_modules/prosemirror-history": {
      "version": "1.4.0",
      "resolved": "https://registry.npmjs.org/prosemirror-history/-/prosemirror-history-1.4.0.tgz",
      "integrity": "sha512-UUiGzDVcqo1lovOPdi9YxxUps3oBFWAIYkXLu3Ot+JPv1qzVogRbcizxK3LhHmtaUxclohgiOVesRw5QSlMnbQ==",
      "dependencies": {
        "prosemirror-state": "^1.2.2",
        "prosemirror-transform": "^1.0.0",
        "prosemirror-view": "^1.31.0",
        "rope-sequence": "^1.3.0"
      }
    },
    "node_modules/prosemirror-inputrules": {
      "version": "1.4.0",
      "resolved": "https://registry.npmjs.org/prosemirror-inputrules/-/prosemirror-inputrules-1.4.0.tgz",
      "integrity": "sha512-6ygpPRuTJ2lcOXs9JkefieMst63wVJBgHZGl5QOytN7oSZs3Co/BYbc3Yx9zm9H37Bxw8kVzCnDsihsVsL4yEg==",
      "dependencies": {
        "prosemirror-state": "^1.0.0",
        "prosemirror-transform": "^1.0.0"
      }
    },
    "node_modules/prosemirror-keymap": {
      "version": "1.2.2",
      "resolved": "https://registry.npmjs.org/prosemirror-keymap/-/prosemirror-keymap-1.2.2.tgz",
      "integrity": "sha512-EAlXoksqC6Vbocqc0GtzCruZEzYgrn+iiGnNjsJsH4mrnIGex4qbLdWWNza3AW5W36ZRrlBID0eM6bdKH4OStQ==",
      "dependencies": {
        "prosemirror-state": "^1.0.0",
        "w3c-keyname": "^2.2.0"
      }
    },
    "node_modules/prosemirror-model": {
      "version": "1.21.0",
      "resolved": "https://registry.npmjs.org/prosemirror-model/-/prosemirror-model-1.21.0.tgz",
      "integrity": "sha512-zLpS1mVCZLA7VTp82P+BfMiYVPcX1/z0Mf3gsjKZtzMWubwn2pN7CceMV0DycjlgE5JeXPR7UF4hJPbBV98oWA==",
      "dependencies": {
        "orderedmap": "^2.0.0"
      }
    },
    "node_modules/prosemirror-state": {
      "version": "1.4.3",
      "resolved": "https://registry.npmjs.org/prosemirror-state/-/prosemirror-state-1.4.3.tgz",
      "integrity": "sha512-goFKORVbvPuAQaXhpbemJFRKJ2aixr+AZMGiquiqKxaucC6hlpHNZHWgz5R7dS4roHiwq9vDctE//CZ++o0W1Q==",
      "dependencies": {
        "prosemirror-model": "^1.0.0",
        "prosemirror-transform": "^1.0.0",
        "prosemirror-view": "^1.27.0"
      }
    },
    "node_modules/prosemirror-transform": {
      "version": "1.9.0",
      "resolved": "https://registry.npmjs.org/prosemirror-transform/-/prosemirror-transform-1.9.0.tgz",
      "integrity": "sha512-5UXkr1LIRx3jmpXXNKDhv8OyAOeLTGuXNwdVfg8x27uASna/wQkr9p6fD3eupGOi4PLJfbezxTyi/7fSJypXHg==",
      "dependencies": {
        "prosemirror-model": "^1.21.0"
      }
    },
    "node_modules/prosemirror-view": {
      "version": "1.33.6",
      "resolved": "https://registry.npmjs.org/prosemirror-view/-/prosemirror-view-1.33.6.tgz",
      "integrity": "sha512-zRLUNgLIQfd8IfGprsXxWTjdA8xEAFJe8cDNrOptj6Mop9sj+BMeVbJvceyAYCm5G2dOdT2prctH7K9dfnpIMw==",
      "dependencies": {
        "prosemirror-model": "^1.20.0",
        "prosemirror-state": "^1.0.0",
        "prosemirror-transform": "^1.1.0"
      }
    },
    "node_modules/react": {
      "version": "18.3.1",
      "resolved": "https://registry.npmjs.org/react/-/react-18.3.1.tgz",
      "integrity": "sha512-wS+hAgJShR0KhEvPJArfuPVN1+Hz1t0Y6n5jLrGQbkb4urgPE/0Rve+1kMB1v/oWgHgm4WIcV+i7F2pTVj+2iQ==",
      "dependencies": {
        "loose-envify": "^1.1.0"
      },
      "engines": {
        "node": ">=0.10.0"
      }
    },
    "node_modules/react-daum-postcode": {
      "version": "3.1.3",
      "resolved": "https://registry.npmjs.org/react-daum-postcode/-/react-daum-postcode-3.1.3.tgz",
      "integrity": "sha512-qTyzUb1BeszPFO4FXSj6p83Wrn5Zpo6YqI2EZ46XSVRZT+du9CrKg9p3KshBRFKYxXmFE1Mv7wEynzXdRFNlmQ==",
      "peerDependencies": {
        "react": ">=16.8.0"
      }
    },
    "node_modules/rope-sequence": {
      "version": "1.3.4",
      "resolved": "https://registry.npmjs.org/rope-sequence/-/rope-sequence-1.3.4.tgz",
      "integrity": "sha512-UT5EDe2cu2E/6O4igUr5PSFs23nvvukicWHx6GnOPlHAiiYbzNuCRQCuiUdHJQcqKalLKlrYJnjY0ySGsXNQXQ=="
    },
    "node_modules/tui-color-picker": {
      "version": "2.2.8",
      "resolved": "https://registry.npmjs.org/tui-color-picker/-/tui-color-picker-2.2.8.tgz",
      "integrity": "sha512-q5sE9NQ5NR9lYpilYjcI7Sdv0KCogo+W8fZY+AYTj/HYg+9fscYy3UuJ6UQiV1bF+ARCLwFRWC8UcOt9kuUctQ=="
    },
    "node_modules/w3c-keyname": {
      "version": "2.2.8",
      "resolved": "https://registry.npmjs.org/w3c-keyname/-/w3c-keyname-2.2.8.tgz",
      "integrity": "sha512-dpojBhNsCNN7T82Tm7k26A6G9ML3NkhDsnw9n/eoxSRlVBB4CEtIQ/KTCLI2Fwf3ataSXRhYFkQi3SlnFwPvPQ=="
    }
  }
}
